<?xml version="1.0" encoding="utf-8"?>
<Project ToolsVersion="4.0" xmlns="http://schemas.microsoft.com/developer/msbuild/2003">
  <ItemGroup>
    <Filter Include="Source Files">
      <UniqueIdentifier>{4FC737F1-C7A5-4376-A066-2A32D752A2FF}</UniqueIdentifier>
      <Extensions>cpp;c;cc;cxx;c++;cppm;ixx;def;odl;idl;hpj;bat;asm;asmx</Extensions>
    </Filter>
    <Filter Include="Header Files">
      <UniqueIdentifier>{93995380-89BD-4b04-88EB-625FBE52EBFB}</UniqueIdentifier>
      <Extensions>h;hh;hpp;hxx;h++;hm;inl;inc;ipp;xsd</Extensions>
    </Filter>
    <Filter Include="Resource Files">
      <UniqueIdentifier>{67DA6AB6-F800-4c08-8B7A-83BB121AAD01}</UniqueIdentifier>
      <Extensions>rc;ico;cur;bmp;dlg;rc2;rct;bin;rgs;gif;jpg;jpeg;jpe;resx;tiff;tif;png;wav;mfcribbon-ms</Extensions>
    </Filter>
  </ItemGroup>
  <ItemGroup>
    <ClCompile Include="bank.cpp">
      <Filter>Source Files</Filter>
    </ClCompile>
  </ItemGroup>
  <ItemGroup>
    <ClInclude Include="clsAddClient.h">
      <Filter>Header Files</Filter>
    </ClInclude>
    <ClInclude Include="clsAddUser.h">
      <Filter>Header Files</Filter>
    </ClInclude>
    <ClInclude Include="clsClient.h">
      <Filter>Header Files</Filter>
    </ClInclude>
    <ClInclude Include="clsDate.h">
      <Filter>Header Files</Filter>
    </ClInclude>
    <ClInclude Include="clsDeletclient.h">
      <Filter>Header Files</Filter>
    </ClInclude>
    <ClInclude Include="clsDeleteuser.h">
      <Filter>Header Files</Filter>
    </ClInclude>
    <ClInclude Include="clsDeposite.h">
      <Filter>Header Files</Filter>
    </ClInclude>
    <ClInclude Include="clsInputValidate.h">
      <Filter>Header Files</Filter>
    </ClInclude>
    <ClInclude Include="clsLogin.h">
      <Filter>Header Files</Filter>
    </ClInclude>
    <ClInclude Include="clsLoginRegister.h">
      <Filter>Header Files</Filter>
    </ClInclude>
    <ClInclude Include="clsLogout.h">
      <Filter>Header Files</Filter>
    </ClInclude>
    <ClInclude Include="clsManageUsers.h">
      <Filter>Header Files</Filter>
    </ClInclude>
    <ClInclude Include="clsPerson.h">
      <Filter>Header Files</Filter>
    </ClInclude>
    <ClInclude Include="clsScreen.h">
      <Filter>Header Files</Filter>
    </ClInclude>
    <ClInclude Include="clsSendMoney.h">
      <Filter>Header Files</Filter>
    </ClInclude>
    <ClInclude Include="clsShowClientInfo.h">
      <Filter>Header Files</Filter>
    </ClInclude>
    <ClInclude Include="clsShowClientsList.h">
      <Filter>Header Files</Filter>
    </ClInclude>
    <ClInclude Include="clsShowMainMenu.h">
      <Filter>Header Files</Filter>
    </ClInclude>
    <ClInclude Include="clsShowUserInfo.h">
      <Filter>Header Files</Filter>
    </ClInclude>
    <ClInclude Include="clsString.h">
      <Filter>Header Files</Filter>
    </ClInclude>
    <ClInclude Include="clsTotaleBalance.h">
      <Filter>Header Files</Filter>
    </ClInclude>
    <ClInclude Include="clsTransactionsMenu.h">
      <Filter>Header Files</Filter>
    </ClInclude>
    <ClInclude Include="clsUpdateclientinfo.h">
      <Filter>Header Files</Filter>
    </ClInclude>
    <ClInclude Include="clsupdateuser.h">
      <Filter>Header Files</Filter>
    </ClInclude>
    <ClInclude Include="clsUser.h">
      <Filter>Header Files</Filter>
    </ClInclude>
    <ClInclude Include="clsUserList.h">
      <Filter>Header Files</Filter>
    </ClInclude>
    <ClInclude Include="clsUtil.h">
      <Filter>Header Files</Filter>
    </ClInclude>
    <ClInclude Include="clsWithdraw.h">
      <Filter>Header Files</Filter>
    </ClInclude>
    <ClInclude Include="glogal.h">
      <Filter>Header Files</Filter>
    </ClInclude>
  </ItemGroup>
</Project>